// !$*UTF8*$!
{
	archiveVersion = 1;
	classes = {
	};
	objectVersion = 56;
	objects = {

/* Begin PBXBuildFile section */
		8C3ED8832D2EA06200800D4E /* MainTabBarController.swift in Sources */ = {isa = PBXBuildFile; fileRef = 8C3ED8822D2EA06200800D4E /* MainTabBarController.swift */; };
		8C3ED8932D2FF6D300800D4E /* LoginViewController.swift in Sources */ = {isa = PBXBuildFile; fileRef = 8C3ED8922D2FF6D300800D4E /* LoginViewController.swift */; };
		8C3ED8952D2FF7AA00800D4E /* Utilities.swift in Sources */ = {isa = PBXBuildFile; fileRef = 8C3ED8942D2FF7AA00800D4E /* Utilities.swift */; };
		8C3ED89B2D3008C300800D4E /* RegistrationViewController.swift in Sources */ = {isa = PBXBuildFile; fileRef = 8C3ED89A2D3008C300800D4E /* RegistrationViewController.swift */; };
		8C57F5882D1A8537005D21F1 /* SettingButton.swift in Sources */ = {isa = PBXBuildFile; fileRef = 8C57F5872D1A8537005D21F1 /* SettingButton.swift */; };
		8C57F5912D22DF06005D21F1 /* CustomButton.swift in Sources */ = {isa = PBXBuildFile; fileRef = 8C57F5902D22DF06005D21F1 /* CustomButton.swift */; };
		8C57F5932D24FA20005D21F1 /* Constants.swift in Sources */ = {isa = PBXBuildFile; fileRef = 8C57F5922D24FA20005D21F1 /* Constants.swift */; };
		8C57F5952D26E2ED005D21F1 /* Realm+Extension.swift in Sources */ = {isa = PBXBuildFile; fileRef = 8C57F5942D26E2ED005D21F1 /* Realm+Extension.swift */; };
		8C6B0B062D0C62640055B181 /* UITextField+Extension.swift in Sources */ = {isa = PBXBuildFile; fileRef = 8C6B0B052D0C62640055B181 /* UITextField+Extension.swift */; };
		8C6B0B0B2D1002C50055B181 /* RepeatViewController.swift in Sources */ = {isa = PBXBuildFile; fileRef = 8C6B0B0A2D1002C50055B181 /* RepeatViewController.swift */; };
		8C6B0B0D2D1006860055B181 /* RepeatViewModel.swift in Sources */ = {isa = PBXBuildFile; fileRef = 8C6B0B0C2D1006860055B181 /* RepeatViewModel.swift */; };
		8C6B0B122D113AE10055B181 /* FlashCardViewController.swift in Sources */ = {isa = PBXBuildFile; fileRef = 8C6B0B112D113AE10055B181 /* FlashCardViewController.swift */; };
		8C6B0B142D113AED0055B181 /* FlashCardViewModel.swift in Sources */ = {isa = PBXBuildFile; fileRef = 8C6B0B132D113AED0055B181 /* FlashCardViewModel.swift */; };
		8C6B0B162D113BA30055B181 /* FlashCardView.swift in Sources */ = {isa = PBXBuildFile; fileRef = 8C6B0B152D113BA30055B181 /* FlashCardView.swift */; };
		8C78E64D2CF0A96C00757359 /* WordViewModel.swift in Sources */ = {isa = PBXBuildFile; fileRef = 8C78E64C2CF0A96C00757359 /* WordViewModel.swift */; };
		8C78E6522CF58E7100757359 /* SpeechService.swift in Sources */ = {isa = PBXBuildFile; fileRef = 8C78E6512CF58E7100757359 /* SpeechService.swift */; };
		8C78E6552CF766AA00757359 /* UIImage+Extension.swift in Sources */ = {isa = PBXBuildFile; fileRef = 8C78E6542CF766AA00757359 /* UIImage+Extension.swift */; };
		8C78E65A2CF851B800757359 /* GameSettingsPopupView.swift in Sources */ = {isa = PBXBuildFile; fileRef = 8C78E6592CF851B800757359 /* GameSettingsPopupView.swift */; };
		8C78E65C2CF87FDE00757359 /* GameSettingsPopupViewController.swift in Sources */ = {isa = PBXBuildFile; fileRef = 8C78E65B2CF87FDE00757359 /* GameSettingsPopupViewController.swift */; };
		8C78E65F2CF999E000757359 /* LearningViewModel.swift in Sources */ = {isa = PBXBuildFile; fileRef = 8C78E65E2CF999E000757359 /* LearningViewModel.swift */; };
		8C78E6642CF99F4300757359 /* GameSettingsPopupViewModel.swift in Sources */ = {isa = PBXBuildFile; fileRef = 8C78E6632CF99F4300757359 /* GameSettingsPopupViewModel.swift */; };
		8C78E6682CF9D43800757359 /* MultipleChoiceViewController.swift in Sources */ = {isa = PBXBuildFile; fileRef = 8C78E6672CF9D43800757359 /* MultipleChoiceViewController.swift */; };
		8C78E66B2CFB314300757359 /* GameStatusView.swift in Sources */ = {isa = PBXBuildFile; fileRef = 8C78E66A2CFB314200757359 /* GameStatusView.swift */; };
		8C78E66F2CFD78B700757359 /* MultipleChoiceViewModel.swift in Sources */ = {isa = PBXBuildFile; fileRef = 8C78E66E2CFD78B700757359 /* MultipleChoiceViewModel.swift */; };
		8C78E6712CFD7FAF00757359 /* GameSettings.swift in Sources */ = {isa = PBXBuildFile; fileRef = 8C78E6702CFD7FAF00757359 /* GameSettings.swift */; };
		8C78E6732CFDFA0800757359 /* GroupSelectionViewController.swift in Sources */ = {isa = PBXBuildFile; fileRef = 8C78E6722CFDFA0800757359 /* GroupSelectionViewController.swift */; };
		8C78E6752CFDFC4E00757359 /* GroupSelectionCell.swift in Sources */ = {isa = PBXBuildFile; fileRef = 8C78E6742CFDFC4E00757359 /* GroupSelectionCell.swift */; };
		8C78E67B2CFDFFF100757359 /* GroupSelectionViewModel.swift in Sources */ = {isa = PBXBuildFile; fileRef = 8C78E67A2CFDFFF100757359 /* GroupSelectionViewModel.swift */; };
		8C78E67E2CFF0B4F00757359 /* QuestionCountViewController.swift in Sources */ = {isa = PBXBuildFile; fileRef = 8C78E67D2CFF0B4F00757359 /* QuestionCountViewController.swift */; };
		8C78E6822CFF37A900757359 /* QuestionCountViewModel.swift in Sources */ = {isa = PBXBuildFile; fileRef = 8C78E6812CFF37A900757359 /* QuestionCountViewModel.swift */; };
		8C78E6852CFF49AB00757359 /* QuestionSelectionViewController.swift in Sources */ = {isa = PBXBuildFile; fileRef = 8C78E6842CFF49AB00757359 /* QuestionSelectionViewController.swift */; };
		8C78E6892CFF57A700757359 /* QuestionSelectionCell.swift in Sources */ = {isa = PBXBuildFile; fileRef = 8C78E6882CFF57A700757359 /* QuestionSelectionCell.swift */; };
		8C78E68B2D0016C000757359 /* QuestionSelectionViewModel.swift in Sources */ = {isa = PBXBuildFile; fileRef = 8C78E68A2D0016C000757359 /* QuestionSelectionViewModel.swift */; };
		8C78E6902D0035BD00757359 /* QuestionOrderCell.swift in Sources */ = {isa = PBXBuildFile; fileRef = 8C78E68F2D0035BD00757359 /* QuestionOrderCell.swift */; };
		8C78E6922D0035D000757359 /* QuestionOrderViewController.swift in Sources */ = {isa = PBXBuildFile; fileRef = 8C78E6912D0035D000757359 /* QuestionOrderViewController.swift */; };
		8C78E6942D0038F600757359 /* QuestionOrderViewModel.swift in Sources */ = {isa = PBXBuildFile; fileRef = 8C78E6932D0038F600757359 /* QuestionOrderViewModel.swift */; };
		8C78E6962D05D95E00757359 /* MultipleChoiceOption.swift in Sources */ = {isa = PBXBuildFile; fileRef = 8C78E6952D05D95E00757359 /* MultipleChoiceOption.swift */; };
		8C78E69A2D06C2CD00757359 /* Question.swift in Sources */ = {isa = PBXBuildFile; fileRef = 8C78E6992D06C2CD00757359 /* Question.swift */; };
		8C78E6A12D06C46100757359 /* GameResultViewController.swift in Sources */ = {isa = PBXBuildFile; fileRef = 8C78E6A02D06C46100757359 /* GameResultViewController.swift */; };
		8C78E6A32D0739AA00757359 /* CircularProgress.swift in Sources */ = {isa = PBXBuildFile; fileRef = 8C78E6A22D0739AA00757359 /* CircularProgress.swift */; };
		8C78E6A52D0864ED00757359 /* GameResultViewModel.swift in Sources */ = {isa = PBXBuildFile; fileRef = 8C78E6A42D0864ED00757359 /* GameResultViewModel.swift */; };
		8C78E6A72D087ABE00757359 /* ResultCell.swift in Sources */ = {isa = PBXBuildFile; fileRef = 8C78E6A62D087ABE00757359 /* ResultCell.swift */; };
		8C78E6AB2D087F3000757359 /* ResultViewModel.swift in Sources */ = {isa = PBXBuildFile; fileRef = 8C78E6AA2D087F3000757359 /* ResultViewModel.swift */; };
		8C78E6B12D0B0C4E00757359 /* DictationViewController.swift in Sources */ = {isa = PBXBuildFile; fileRef = 8C78E6B02D0B0C4E00757359 /* DictationViewController.swift */; };
		8C78E6B32D0B0F7B00757359 /* WordLabelView.swift in Sources */ = {isa = PBXBuildFile; fileRef = 8C78E6B22D0B0F7B00757359 /* WordLabelView.swift */; };
		8C78E6B52D0B165B00757359 /* DictationViewModel.swift in Sources */ = {isa = PBXBuildFile; fileRef = 8C78E6B42D0B165B00757359 /* DictationViewModel.swift */; };
		8CB5B4422CE3679D0093C6C5 /* AppDelegate.swift in Sources */ = {isa = PBXBuildFile; fileRef = 8CB5B4412CE3679D0093C6C5 /* AppDelegate.swift */; };
		8CB5B4442CE3679D0093C6C5 /* SceneDelegate.swift in Sources */ = {isa = PBXBuildFile; fileRef = 8CB5B4432CE3679D0093C6C5 /* SceneDelegate.swift */; };
		8CB5B4462CE3679D0093C6C5 /* GroupListViewController.swift in Sources */ = {isa = PBXBuildFile; fileRef = 8CB5B4452CE3679D0093C6C5 /* GroupListViewController.swift */; };
		8CB5B44B2CE367A10093C6C5 /* Assets.xcassets in Resources */ = {isa = PBXBuildFile; fileRef = 8CB5B44A2CE367A10093C6C5 /* Assets.xcassets */; };
		8CB5B4562CE47A180093C6C5 /* LearningViewController.swift in Sources */ = {isa = PBXBuildFile; fileRef = 8CB5B4552CE47A180093C6C5 /* LearningViewController.swift */; };
		8CB5B4582CE47A290093C6C5 /* SettingsViewController.swift in Sources */ = {isa = PBXBuildFile; fileRef = 8CB5B4572CE47A290093C6C5 /* SettingsViewController.swift */; };
		8CB5B45A2CE48DB10093C6C5 /* GroupCell.swift in Sources */ = {isa = PBXBuildFile; fileRef = 8CB5B4592CE48DB10093C6C5 /* GroupCell.swift */; };
		8CB5B4612CE4D7850093C6C5 /* Then in Frameworks */ = {isa = PBXBuildFile; productRef = 8CB5B4602CE4D7850093C6C5 /* Then */; };
		8CB5B4642CE4D7CA0093C6C5 /* SnapKit in Frameworks */ = {isa = PBXBuildFile; productRef = 8CB5B4632CE4D7CA0093C6C5 /* SnapKit */; };
		8CB5B4722CE5CA920093C6C5 /* WordListViewController.swift in Sources */ = {isa = PBXBuildFile; fileRef = 8CB5B4712CE5CA920093C6C5 /* WordListViewController.swift */; };
		8CB5B4752CE5CB0B0093C6C5 /* GroupListViewModel.swift in Sources */ = {isa = PBXBuildFile; fileRef = 8CB5B4742CE5CB0B0093C6C5 /* GroupListViewModel.swift */; };
		8CB5B4772CE5E2600093C6C5 /* WordCell.swift in Sources */ = {isa = PBXBuildFile; fileRef = 8CB5B4762CE5E2600093C6C5 /* WordCell.swift */; };
		8CB5B47B2CE5F5C10093C6C5 /* AddWordViewController.swift in Sources */ = {isa = PBXBuildFile; fileRef = 8CB5B47A2CE5F5C10093C6C5 /* AddWordViewController.swift */; };
		8CB5B47E2CE610910093C6C5 /* WordListViewModel.swift in Sources */ = {isa = PBXBuildFile; fileRef = 8CB5B47D2CE610910093C6C5 /* WordListViewModel.swift */; };
		8CB5B4842CE7171C0093C6C5 /* AddGroupViewController.swift in Sources */ = {isa = PBXBuildFile; fileRef = 8CB5B4832CE7171B0093C6C5 /* AddGroupViewController.swift */; };
		8CB5B4892CE8E1E90093C6C5 /* VocabularyWord.swift in Sources */ = {isa = PBXBuildFile; fileRef = 8CB5B4882CE8E1E90093C6C5 /* VocabularyWord.swift */; };
		8CB5B48B2CE8E2CE0093C6C5 /* VocabularyGroup.swift in Sources */ = {isa = PBXBuildFile; fileRef = 8CB5B48A2CE8E2CE0093C6C5 /* VocabularyGroup.swift */; };
		8CB5B48E2CEDFD2F0093C6C5 /* AddWordViewModel.swift in Sources */ = {isa = PBXBuildFile; fileRef = 8CB5B48D2CEDFD2F0093C6C5 /* AddWordViewModel.swift */; };
		8CB5B4942CEF54BB0093C6C5 /* RealmManager.swift in Sources */ = {isa = PBXBuildFile; fileRef = 8CB5B4932CEF54BB0093C6C5 /* RealmManager.swift */; };
		8CB5B4972CEF58DD0093C6C5 /* AddGroupViewModel.swift in Sources */ = {isa = PBXBuildFile; fileRef = 8CB5B4962CEF58DD0093C6C5 /* AddGroupViewModel.swift */; };
		8CDF32132CEF627200B9536D /* RealmSwift in Frameworks */ = {isa = PBXBuildFile; productRef = 8CDF32122CEF627200B9536D /* RealmSwift */; };
		8CDF32142CEF680600B9536D /* RealmSwift in Embed Frameworks */ = {isa = PBXBuildFile; productRef = 8CDF32122CEF627200B9536D /* RealmSwift */; settings = {ATTRIBUTES = (CodeSignOnCopy, ); }; };
/* End PBXBuildFile section */

/* Begin PBXCopyFilesBuildPhase section */
		8CDF32152CEF680600B9536D /* Embed Frameworks */ = {
			isa = PBXCopyFilesBuildPhase;
			buildActionMask = 2147483647;
			dstPath = "";
			dstSubfolderSpec = 10;
			files = (
				8CDF32142CEF680600B9536D /* RealmSwift in Embed Frameworks */,
			);
			name = "Embed Frameworks";
			runOnlyForDeploymentPostprocessing = 0;
		};
/* End PBXCopyFilesBuildPhase section */

/* Begin PBXFileReference section */
		8C3ED8732D2E3D0B00800D4E /* WordMate.app */ = {isa = PBXFileReference; explicitFileType = wrapper.application; includeInIndex = 0; path = WordMate.app; sourceTree = BUILT_PRODUCTS_DIR; };
		8C3ED8822D2EA06200800D4E /* MainTabBarController.swift */ = {isa = PBXFileReference; lastKnownFileType = sourcecode.swift; path = MainTabBarController.swift; sourceTree = "<group>"; };
		8C3ED8922D2FF6D300800D4E /* LoginViewController.swift */ = {isa = PBXFileReference; lastKnownFileType = sourcecode.swift; path = LoginViewController.swift; sourceTree = "<group>"; };
		8C3ED8942D2FF7AA00800D4E /* Utilities.swift */ = {isa = PBXFileReference; lastKnownFileType = sourcecode.swift; path = Utilities.swift; sourceTree = "<group>"; };
		8C3ED89A2D3008C300800D4E /* RegistrationViewController.swift */ = {isa = PBXFileReference; lastKnownFileType = sourcecode.swift; path = RegistrationViewController.swift; sourceTree = "<group>"; };
		8C57F5872D1A8537005D21F1 /* SettingButton.swift */ = {isa = PBXFileReference; lastKnownFileType = sourcecode.swift; path = SettingButton.swift; sourceTree = "<group>"; };
		8C57F5902D22DF06005D21F1 /* CustomButton.swift */ = {isa = PBXFileReference; lastKnownFileType = sourcecode.swift; path = CustomButton.swift; sourceTree = "<group>"; };
		8C57F5922D24FA20005D21F1 /* Constants.swift */ = {isa = PBXFileReference; lastKnownFileType = sourcecode.swift; path = Constants.swift; sourceTree = "<group>"; };
		8C57F5942D26E2ED005D21F1 /* Realm+Extension.swift */ = {isa = PBXFileReference; lastKnownFileType = sourcecode.swift; path = "Realm+Extension.swift"; sourceTree = "<group>"; };
		8C6B0B052D0C62640055B181 /* UITextField+Extension.swift */ = {isa = PBXFileReference; lastKnownFileType = sourcecode.swift; path = "UITextField+Extension.swift"; sourceTree = "<group>"; };
		8C6B0B0A2D1002C50055B181 /* RepeatViewController.swift */ = {isa = PBXFileReference; lastKnownFileType = sourcecode.swift; path = RepeatViewController.swift; sourceTree = "<group>"; };
		8C6B0B0C2D1006860055B181 /* RepeatViewModel.swift */ = {isa = PBXFileReference; lastKnownFileType = sourcecode.swift; path = RepeatViewModel.swift; sourceTree = "<group>"; };
		8C6B0B112D113AE10055B181 /* FlashCardViewController.swift */ = {isa = PBXFileReference; lastKnownFileType = sourcecode.swift; path = FlashCardViewController.swift; sourceTree = "<group>"; };
		8C6B0B132D113AED0055B181 /* FlashCardViewModel.swift */ = {isa = PBXFileReference; lastKnownFileType = sourcecode.swift; path = FlashCardViewModel.swift; sourceTree = "<group>"; };
		8C6B0B152D113BA30055B181 /* FlashCardView.swift */ = {isa = PBXFileReference; lastKnownFileType = sourcecode.swift; path = FlashCardView.swift; sourceTree = "<group>"; };
		8C78E64C2CF0A96C00757359 /* WordViewModel.swift */ = {isa = PBXFileReference; lastKnownFileType = sourcecode.swift; path = WordViewModel.swift; sourceTree = "<group>"; };
		8C78E6512CF58E7100757359 /* SpeechService.swift */ = {isa = PBXFileReference; lastKnownFileType = sourcecode.swift; path = SpeechService.swift; sourceTree = "<group>"; };
		8C78E6542CF766AA00757359 /* UIImage+Extension.swift */ = {isa = PBXFileReference; lastKnownFileType = sourcecode.swift; path = "UIImage+Extension.swift"; sourceTree = "<group>"; };
		8C78E6592CF851B800757359 /* GameSettingsPopupView.swift */ = {isa = PBXFileReference; lastKnownFileType = sourcecode.swift; path = GameSettingsPopupView.swift; sourceTree = "<group>"; };
		8C78E65B2CF87FDE00757359 /* GameSettingsPopupViewController.swift */ = {isa = PBXFileReference; lastKnownFileType = sourcecode.swift; path = GameSettingsPopupViewController.swift; sourceTree = "<group>"; };
		8C78E65E2CF999E000757359 /* LearningViewModel.swift */ = {isa = PBXFileReference; lastKnownFileType = sourcecode.swift; path = LearningViewModel.swift; sourceTree = "<group>"; };
		8C78E6632CF99F4300757359 /* GameSettingsPopupViewModel.swift */ = {isa = PBXFileReference; lastKnownFileType = sourcecode.swift; path = GameSettingsPopupViewModel.swift; sourceTree = "<group>"; };
		8C78E6672CF9D43800757359 /* MultipleChoiceViewController.swift */ = {isa = PBXFileReference; lastKnownFileType = sourcecode.swift; path = MultipleChoiceViewController.swift; sourceTree = "<group>"; };
		8C78E66A2CFB314200757359 /* GameStatusView.swift */ = {isa = PBXFileReference; lastKnownFileType = sourcecode.swift; path = GameStatusView.swift; sourceTree = "<group>"; };
		8C78E66E2CFD78B700757359 /* MultipleChoiceViewModel.swift */ = {isa = PBXFileReference; lastKnownFileType = sourcecode.swift; path = MultipleChoiceViewModel.swift; sourceTree = "<group>"; };
		8C78E6702CFD7FAF00757359 /* GameSettings.swift */ = {isa = PBXFileReference; lastKnownFileType = sourcecode.swift; path = GameSettings.swift; sourceTree = "<group>"; };
		8C78E6722CFDFA0800757359 /* GroupSelectionViewController.swift */ = {isa = PBXFileReference; lastKnownFileType = sourcecode.swift; path = GroupSelectionViewController.swift; sourceTree = "<group>"; };
		8C78E6742CFDFC4E00757359 /* GroupSelectionCell.swift */ = {isa = PBXFileReference; lastKnownFileType = sourcecode.swift; path = GroupSelectionCell.swift; sourceTree = "<group>"; };
		8C78E67A2CFDFFF100757359 /* GroupSelectionViewModel.swift */ = {isa = PBXFileReference; lastKnownFileType = sourcecode.swift; path = GroupSelectionViewModel.swift; sourceTree = "<group>"; };
		8C78E67D2CFF0B4F00757359 /* QuestionCountViewController.swift */ = {isa = PBXFileReference; lastKnownFileType = sourcecode.swift; path = QuestionCountViewController.swift; sourceTree = "<group>"; };
		8C78E6812CFF37A900757359 /* QuestionCountViewModel.swift */ = {isa = PBXFileReference; lastKnownFileType = sourcecode.swift; path = QuestionCountViewModel.swift; sourceTree = "<group>"; };
		8C78E6842CFF49AB00757359 /* QuestionSelectionViewController.swift */ = {isa = PBXFileReference; lastKnownFileType = sourcecode.swift; path = QuestionSelectionViewController.swift; sourceTree = "<group>"; };
		8C78E6882CFF57A700757359 /* QuestionSelectionCell.swift */ = {isa = PBXFileReference; lastKnownFileType = sourcecode.swift; path = QuestionSelectionCell.swift; sourceTree = "<group>"; };
		8C78E68A2D0016C000757359 /* QuestionSelectionViewModel.swift */ = {isa = PBXFileReference; lastKnownFileType = sourcecode.swift; path = QuestionSelectionViewModel.swift; sourceTree = "<group>"; };
		8C78E68F2D0035BD00757359 /* QuestionOrderCell.swift */ = {isa = PBXFileReference; lastKnownFileType = sourcecode.swift; path = QuestionOrderCell.swift; sourceTree = "<group>"; };
		8C78E6912D0035D000757359 /* QuestionOrderViewController.swift */ = {isa = PBXFileReference; lastKnownFileType = sourcecode.swift; path = QuestionOrderViewController.swift; sourceTree = "<group>"; };
		8C78E6932D0038F600757359 /* QuestionOrderViewModel.swift */ = {isa = PBXFileReference; lastKnownFileType = sourcecode.swift; path = QuestionOrderViewModel.swift; sourceTree = "<group>"; };
		8C78E6952D05D95E00757359 /* MultipleChoiceOption.swift */ = {isa = PBXFileReference; lastKnownFileType = sourcecode.swift; path = MultipleChoiceOption.swift; sourceTree = "<group>"; };
		8C78E6992D06C2CD00757359 /* Question.swift */ = {isa = PBXFileReference; lastKnownFileType = sourcecode.swift; path = Question.swift; sourceTree = "<group>"; };
		8C78E6A02D06C46100757359 /* GameResultViewController.swift */ = {isa = PBXFileReference; lastKnownFileType = sourcecode.swift; path = GameResultViewController.swift; sourceTree = "<group>"; };
		8C78E6A22D0739AA00757359 /* CircularProgress.swift */ = {isa = PBXFileReference; lastKnownFileType = sourcecode.swift; path = CircularProgress.swift; sourceTree = "<group>"; };
		8C78E6A42D0864ED00757359 /* GameResultViewModel.swift */ = {isa = PBXFileReference; lastKnownFileType = sourcecode.swift; path = GameResultViewModel.swift; sourceTree = "<group>"; };
		8C78E6A62D087ABE00757359 /* ResultCell.swift */ = {isa = PBXFileReference; lastKnownFileType = sourcecode.swift; path = ResultCell.swift; sourceTree = "<group>"; };
		8C78E6AA2D087F3000757359 /* ResultViewModel.swift */ = {isa = PBXFileReference; lastKnownFileType = sourcecode.swift; path = ResultViewModel.swift; sourceTree = "<group>"; };
		8C78E6B02D0B0C4E00757359 /* DictationViewController.swift */ = {isa = PBXFileReference; lastKnownFileType = sourcecode.swift; path = DictationViewController.swift; sourceTree = "<group>"; };
		8C78E6B22D0B0F7B00757359 /* WordLabelView.swift */ = {isa = PBXFileReference; lastKnownFileType = sourcecode.swift; path = WordLabelView.swift; sourceTree = "<group>"; };
		8C78E6B42D0B165B00757359 /* DictationViewModel.swift */ = {isa = PBXFileReference; lastKnownFileType = sourcecode.swift; path = DictationViewModel.swift; sourceTree = "<group>"; };
		8CB5B4412CE3679D0093C6C5 /* AppDelegate.swift */ = {isa = PBXFileReference; lastKnownFileType = sourcecode.swift; path = AppDelegate.swift; sourceTree = "<group>"; };
		8CB5B4432CE3679D0093C6C5 /* SceneDelegate.swift */ = {isa = PBXFileReference; lastKnownFileType = sourcecode.swift; path = SceneDelegate.swift; sourceTree = "<group>"; };
		8CB5B4452CE3679D0093C6C5 /* GroupListViewController.swift */ = {isa = PBXFileReference; lastKnownFileType = sourcecode.swift; path = GroupListViewController.swift; sourceTree = "<group>"; };
		8CB5B44A2CE367A10093C6C5 /* Assets.xcassets */ = {isa = PBXFileReference; lastKnownFileType = folder.assetcatalog; path = Assets.xcassets; sourceTree = "<group>"; };
		8CB5B44F2CE367A10093C6C5 /* Info.plist */ = {isa = PBXFileReference; lastKnownFileType = text.plist.xml; path = Info.plist; sourceTree = "<group>"; };
		8CB5B4552CE47A180093C6C5 /* LearningViewController.swift */ = {isa = PBXFileReference; lastKnownFileType = sourcecode.swift; path = LearningViewController.swift; sourceTree = "<group>"; };
		8CB5B4572CE47A290093C6C5 /* SettingsViewController.swift */ = {isa = PBXFileReference; lastKnownFileType = sourcecode.swift; path = SettingsViewController.swift; sourceTree = "<group>"; };
		8CB5B4592CE48DB10093C6C5 /* GroupCell.swift */ = {isa = PBXFileReference; lastKnownFileType = sourcecode.swift; path = GroupCell.swift; sourceTree = "<group>"; };
		8CB5B4712CE5CA920093C6C5 /* WordListViewController.swift */ = {isa = PBXFileReference; lastKnownFileType = sourcecode.swift; path = WordListViewController.swift; sourceTree = "<group>"; };
		8CB5B4742CE5CB0B0093C6C5 /* GroupListViewModel.swift */ = {isa = PBXFileReference; lastKnownFileType = sourcecode.swift; path = GroupListViewModel.swift; sourceTree = "<group>"; };
		8CB5B4762CE5E2600093C6C5 /* WordCell.swift */ = {isa = PBXFileReference; lastKnownFileType = sourcecode.swift; path = WordCell.swift; sourceTree = "<group>"; };
		8CB5B47A2CE5F5C10093C6C5 /* AddWordViewController.swift */ = {isa = PBXFileReference; lastKnownFileType = sourcecode.swift; path = AddWordViewController.swift; sourceTree = "<group>"; };
		8CB5B47D2CE610910093C6C5 /* WordListViewModel.swift */ = {isa = PBXFileReference; lastKnownFileType = sourcecode.swift; path = WordListViewModel.swift; sourceTree = "<group>"; };
		8CB5B4832CE7171B0093C6C5 /* AddGroupViewController.swift */ = {isa = PBXFileReference; lastKnownFileType = sourcecode.swift; path = AddGroupViewController.swift; sourceTree = "<group>"; };
		8CB5B4882CE8E1E90093C6C5 /* VocabularyWord.swift */ = {isa = PBXFileReference; lastKnownFileType = sourcecode.swift; path = VocabularyWord.swift; sourceTree = "<group>"; };
		8CB5B48A2CE8E2CE0093C6C5 /* VocabularyGroup.swift */ = {isa = PBXFileReference; lastKnownFileType = sourcecode.swift; path = VocabularyGroup.swift; sourceTree = "<group>"; };
		8CB5B48D2CEDFD2F0093C6C5 /* AddWordViewModel.swift */ = {isa = PBXFileReference; lastKnownFileType = sourcecode.swift; path = AddWordViewModel.swift; sourceTree = "<group>"; };
		8CB5B4932CEF54BB0093C6C5 /* RealmManager.swift */ = {isa = PBXFileReference; lastKnownFileType = sourcecode.swift; path = RealmManager.swift; sourceTree = "<group>"; };
		8CB5B4962CEF58DD0093C6C5 /* AddGroupViewModel.swift */ = {isa = PBXFileReference; lastKnownFileType = sourcecode.swift; path = AddGroupViewModel.swift; sourceTree = "<group>"; };
/* End PBXFileReference section */

/* Begin PBXFrameworksBuildPhase section */
		8CB5B43B2CE3679D0093C6C5 /* Frameworks */ = {
			isa = PBXFrameworksBuildPhase;
			buildActionMask = 2147483647;
			files = (
				8CDF32132CEF627200B9536D /* RealmSwift in Frameworks */,
				8CB5B4612CE4D7850093C6C5 /* Then in Frameworks */,
				8CB5B4642CE4D7CA0093C6C5 /* SnapKit in Frameworks */,
			);
			runOnlyForDeploymentPostprocessing = 0;
		};
/* End PBXFrameworksBuildPhase section */

/* Begin PBXGroup section */
		8C3ED8812D2EA05000800D4E /* Root */ = {
			isa = PBXGroup;
			children = (
				8C3ED8822D2EA06200800D4E /* MainTabBarController.swift */,
			);
			path = Root;
			sourceTree = "<group>";
		};
		8C3ED8842D2EB19E00800D4E /* Group */ = {
			isa = PBXGroup;
			children = (
				8CB5B4692CE5C8620093C6C5 /* GroupList */,
				8CB5B4812CE716EE0093C6C5 /* AddGroup */,
			);
			path = Group;
			sourceTree = "<group>";
		};
		8C3ED8852D2EB1AE00800D4E /* Word */ = {
			isa = PBXGroup;
			children = (
				8CB5B46F2CE5CA620093C6C5 /* WordList */,
				8CB5B4782CE5F59E0093C6C5 /* AddWord */,
			);
			path = Word;
			sourceTree = "<group>";
		};
		8C3ED88D2D2FE6E500800D4E /* Utils */ = {
			isa = PBXGroup;
			children = (
				8C78E6542CF766AA00757359 /* UIImage+Extension.swift */,
				8C6B0B052D0C62640055B181 /* UITextField+Extension.swift */,
				8C57F5942D26E2ED005D21F1 /* Realm+Extension.swift */,
				8C57F5922D24FA20005D21F1 /* Constants.swift */,
				8C3ED8942D2FF7AA00800D4E /* Utilities.swift */,
			);
			path = Utils;
			sourceTree = "<group>";
		};
		8C3ED88E2D2FF65600800D4E /* Authentication */ = {
			isa = PBXGroup;
			children = (
				8C3ED8962D30087200800D4E /* Registration */,
				8C3ED88F2D2FF6B400800D4E /* Login */,
			);
			path = Authentication;
			sourceTree = "<group>";
		};
		8C3ED88F2D2FF6B400800D4E /* Login */ = {
			isa = PBXGroup;
			children = (
				8C3ED8902D2FF6BB00800D4E /* View */,
				8C3ED8912D2FF6BF00800D4E /* ViewModel */,
			);
			path = Login;
			sourceTree = "<group>";
		};
		8C3ED8902D2FF6BB00800D4E /* View */ = {
			isa = PBXGroup;
			children = (
				8C3ED8922D2FF6D300800D4E /* LoginViewController.swift */,
			);
			path = View;
			sourceTree = "<group>";
		};
		8C3ED8912D2FF6BF00800D4E /* ViewModel */ = {
			isa = PBXGroup;
			children = (
			);
			path = ViewModel;
			sourceTree = "<group>";
		};
		8C3ED8962D30087200800D4E /* Registration */ = {
			isa = PBXGroup;
			children = (
				8C3ED8992D3008B500800D4E /* View */,
				8C3ED8972D30089D00800D4E /* ViewModel */,
			);
			path = Registration;
			sourceTree = "<group>";
		};
		8C3ED8972D30089D00800D4E /* ViewModel */ = {
			isa = PBXGroup;
			children = (
			);
			path = ViewModel;
			sourceTree = "<group>";
		};
		8C3ED8992D3008B500800D4E /* View */ = {
			isa = PBXGroup;
			children = (
				8C3ED89A2D3008C300800D4E /* RegistrationViewController.swift */,
			);
			path = View;
			sourceTree = "<group>";
		};
		8C57F58F2D22DEF7005D21F1 /* Common */ = {
			isa = PBXGroup;
			children = (
				8C78E66A2CFB314200757359 /* GameStatusView.swift */,
				8C78E6B22D0B0F7B00757359 /* WordLabelView.swift */,
				8C57F5902D22DF06005D21F1 /* CustomButton.swift */,
				8C57F5872D1A8537005D21F1 /* SettingButton.swift */,
			);
			path = Common;
			sourceTree = "<group>";
		};
		8C6B0B072D10028C0055B181 /* Repeat */ = {
			isa = PBXGroup;
			children = (
				8C6B0B092D1002A20055B181 /* View */,
				8C6B0B082D10029E0055B181 /* ViewModel */,
			);
			path = Repeat;
			sourceTree = "<group>";
		};
		8C6B0B082D10029E0055B181 /* ViewModel */ = {
			isa = PBXGroup;
			children = (
				8C6B0B0C2D1006860055B181 /* RepeatViewModel.swift */,
			);
			path = ViewModel;
			sourceTree = "<group>";
		};
		8C6B0B092D1002A20055B181 /* View */ = {
			isa = PBXGroup;
			children = (
				8C6B0B0A2D1002C50055B181 /* RepeatViewController.swift */,
			);
			path = View;
			sourceTree = "<group>";
		};
		8C6B0B0E2D1139010055B181 /* FlashCard */ = {
			isa = PBXGroup;
			children = (
				8C6B0B102D113A280055B181 /* View */,
				8C6B0B0F2D113A200055B181 /* ViewModel */,
			);
			path = FlashCard;
			sourceTree = "<group>";
		};
		8C6B0B0F2D113A200055B181 /* ViewModel */ = {
			isa = PBXGroup;
			children = (
				8C6B0B132D113AED0055B181 /* FlashCardViewModel.swift */,
			);
			path = ViewModel;
			sourceTree = "<group>";
		};
		8C6B0B102D113A280055B181 /* View */ = {
			isa = PBXGroup;
			children = (
				8C6B0B112D113AE10055B181 /* FlashCardViewController.swift */,
				8C6B0B152D113BA30055B181 /* FlashCardView.swift */,
			);
			path = View;
			sourceTree = "<group>";
		};
		8C78E6502CF58E5400757359 /* Service */ = {
			isa = PBXGroup;
			children = (
				8C78E6512CF58E7100757359 /* SpeechService.swift */,
				8CB5B4932CEF54BB0093C6C5 /* RealmManager.swift */,
			);
			path = Service;
			sourceTree = "<group>";
		};
		8C78E6562CF8512E00757359 /* GameSettings */ = {
			isa = PBXGroup;
			children = (
				8C78E6762CFDFEAB00757359 /* GameSettingsPopup */,
				8C78E6792CFDFEDA00757359 /* GroupSelection */,
				8C78E6832CFF495400757359 /* QuestionSelection */,
				8C78E68C2D00357100757359 /* QuestionOrder */,
				8C78E67C2CFF0B1600757359 /* QuestionCount */,
			);
			path = GameSettings;
			sourceTree = "<group>";
		};
		8C78E65D2CF999B800757359 /* ViewModel */ = {
			isa = PBXGroup;
			children = (
				8C78E65E2CF999E000757359 /* LearningViewModel.swift */,
			);
			path = ViewModel;
			sourceTree = "<group>";
		};
		8C78E6602CF99F1F00757359 /* ViewModel */ = {
			isa = PBXGroup;
			children = (
				8C78E67A2CFDFFF100757359 /* GroupSelectionViewModel.swift */,
			);
			path = ViewModel;
			sourceTree = "<group>";
		};
		8C78E6612CF99F2500757359 /* View */ = {
			isa = PBXGroup;
			children = (
				8C78E6722CFDFA0800757359 /* GroupSelectionViewController.swift */,
				8C78E6742CFDFC4E00757359 /* GroupSelectionCell.swift */,
			);
			path = View;
			sourceTree = "<group>";
		};
		8C78E6652CF9D3AF00757359 /* Games */ = {
			isa = PBXGroup;
			children = (
				8C78E6562CF8512E00757359 /* GameSettings */,
				8C6B0B0E2D1139010055B181 /* FlashCard */,
				8C78E6662CF9D3C200757359 /* MultipleChoice */,
				8C78E6AD2D0B0C1000757359 /* Dictation */,
				8C6B0B072D10028C0055B181 /* Repeat */,
				8C78E69D2D06C40B00757359 /* GameResult */,
			);
			path = Games;
			sourceTree = "<group>";
		};
		8C78E6662CF9D3C200757359 /* MultipleChoice */ = {
			isa = PBXGroup;
			children = (
				8C78E66D2CFD789B00757359 /* View */,
				8C78E66C2CFD789500757359 /* ViewModel */,
			);
			path = MultipleChoice;
			sourceTree = "<group>";
		};
		8C78E66C2CFD789500757359 /* ViewModel */ = {
			isa = PBXGroup;
			children = (
				8C78E66E2CFD78B700757359 /* MultipleChoiceViewModel.swift */,
			);
			path = ViewModel;
			sourceTree = "<group>";
		};
		8C78E66D2CFD789B00757359 /* View */ = {
			isa = PBXGroup;
			children = (
				8C78E6672CF9D43800757359 /* MultipleChoiceViewController.swift */,
			);
			path = View;
			sourceTree = "<group>";
		};
		8C78E6762CFDFEAB00757359 /* GameSettingsPopup */ = {
			isa = PBXGroup;
			children = (
				8C78E6772CFDFEB700757359 /* View */,
				8C78E6782CFDFEC100757359 /* ViewModel */,
			);
			path = GameSettingsPopup;
			sourceTree = "<group>";
		};
		8C78E6772CFDFEB700757359 /* View */ = {
			isa = PBXGroup;
			children = (
				8C78E6592CF851B800757359 /* GameSettingsPopupView.swift */,
				8C78E65B2CF87FDE00757359 /* GameSettingsPopupViewController.swift */,
			);
			path = View;
			sourceTree = "<group>";
		};
		8C78E6782CFDFEC100757359 /* ViewModel */ = {
			isa = PBXGroup;
			children = (
				8C78E6632CF99F4300757359 /* GameSettingsPopupViewModel.swift */,
			);
			path = ViewModel;
			sourceTree = "<group>";
		};
		8C78E6792CFDFEDA00757359 /* GroupSelection */ = {
			isa = PBXGroup;
			children = (
				8C78E6612CF99F2500757359 /* View */,
				8C78E6602CF99F1F00757359 /* ViewModel */,
			);
			path = GroupSelection;
			sourceTree = "<group>";
		};
		8C78E67C2CFF0B1600757359 /* QuestionCount */ = {
			isa = PBXGroup;
			children = (
				8C78E6802CFF379000757359 /* View */,
				8C78E67F2CFF378700757359 /* ViewModel */,
			);
			path = QuestionCount;
			sourceTree = "<group>";
		};
		8C78E67F2CFF378700757359 /* ViewModel */ = {
			isa = PBXGroup;
			children = (
				8C78E6812CFF37A900757359 /* QuestionCountViewModel.swift */,
			);
			path = ViewModel;
			sourceTree = "<group>";
		};
		8C78E6802CFF379000757359 /* View */ = {
			isa = PBXGroup;
			children = (
				8C78E67D2CFF0B4F00757359 /* QuestionCountViewController.swift */,
			);
			path = View;
			sourceTree = "<group>";
		};
		8C78E6832CFF495400757359 /* QuestionSelection */ = {
			isa = PBXGroup;
			children = (
				8C78E6872CFF576300757359 /* View */,
				8C78E6862CFF575D00757359 /* ViewModel */,
			);
			path = QuestionSelection;
			sourceTree = "<group>";
		};
		8C78E6862CFF575D00757359 /* ViewModel */ = {
			isa = PBXGroup;
			children = (
				8C78E68A2D0016C000757359 /* QuestionSelectionViewModel.swift */,
			);
			path = ViewModel;
			sourceTree = "<group>";
		};
		8C78E6872CFF576300757359 /* View */ = {
			isa = PBXGroup;
			children = (
				8C78E6842CFF49AB00757359 /* QuestionSelectionViewController.swift */,
				8C78E6882CFF57A700757359 /* QuestionSelectionCell.swift */,
			);
			path = View;
			sourceTree = "<group>";
		};
		8C78E68C2D00357100757359 /* QuestionOrder */ = {
			isa = PBXGroup;
			children = (
				8C78E68E2D00359800757359 /* View */,
				8C78E68D2D00359100757359 /* ViewModel */,
			);
			path = QuestionOrder;
			sourceTree = "<group>";
		};
		8C78E68D2D00359100757359 /* ViewModel */ = {
			isa = PBXGroup;
			children = (
				8C78E6932D0038F600757359 /* QuestionOrderViewModel.swift */,
			);
			path = ViewModel;
			sourceTree = "<group>";
		};
		8C78E68E2D00359800757359 /* View */ = {
			isa = PBXGroup;
			children = (
				8C78E6912D0035D000757359 /* QuestionOrderViewController.swift */,
				8C78E68F2D0035BD00757359 /* QuestionOrderCell.swift */,
			);
			path = View;
			sourceTree = "<group>";
		};
		8C78E69D2D06C40B00757359 /* GameResult */ = {
			isa = PBXGroup;
			children = (
				8C78E69F2D06C43900757359 /* View */,
				8C78E69E2D06C43400757359 /* ViewModel */,
			);
			path = GameResult;
			sourceTree = "<group>";
		};
		8C78E69E2D06C43400757359 /* ViewModel */ = {
			isa = PBXGroup;
			children = (
				8C78E6A42D0864ED00757359 /* GameResultViewModel.swift */,
				8C78E6AA2D087F3000757359 /* ResultViewModel.swift */,
			);
			path = ViewModel;
			sourceTree = "<group>";
		};
		8C78E69F2D06C43900757359 /* View */ = {
			isa = PBXGroup;
			children = (
				8C78E6A02D06C46100757359 /* GameResultViewController.swift */,
				8C78E6A22D0739AA00757359 /* CircularProgress.swift */,
				8C78E6A62D087ABE00757359 /* ResultCell.swift */,
			);
			path = View;
			sourceTree = "<group>";
		};
		8C78E6AD2D0B0C1000757359 /* Dictation */ = {
			isa = PBXGroup;
			children = (
				8C78E6AF2D0B0C2700757359 /* View */,
				8C78E6AE2D0B0C2000757359 /* ViewModel */,
			);
			path = Dictation;
			sourceTree = "<group>";
		};
		8C78E6AE2D0B0C2000757359 /* ViewModel */ = {
			isa = PBXGroup;
			children = (
				8C78E6B42D0B165B00757359 /* DictationViewModel.swift */,
			);
			path = ViewModel;
			sourceTree = "<group>";
		};
		8C78E6AF2D0B0C2700757359 /* View */ = {
			isa = PBXGroup;
			children = (
				8C78E6B02D0B0C4E00757359 /* DictationViewController.swift */,
			);
			path = View;
			sourceTree = "<group>";
		};
		8CB5B4352CE3679D0093C6C5 = {
			isa = PBXGroup;
			children = (
				8CB5B4402CE3679D0093C6C5 /* WordMate */,
				8C3ED8732D2E3D0B00800D4E /* WordMate.app */,
			);
			sourceTree = "<group>";
		};
		8CB5B4402CE3679D0093C6C5 /* WordMate */ = {
			isa = PBXGroup;
			children = (
				8CB5B4672CE5C82D0093C6C5 /* Application */,
				8C78E6502CF58E5400757359 /* Service */,
				8C3ED88D2D2FE6E500800D4E /* Utils */,
				8CB5B4682CE5C8520093C6C5 /* Presentation */,
				8C57F58F2D22DEF7005D21F1 /* Common */,
				8CB5B4872CE8E1090093C6C5 /* Data */,
				8CB5B44A2CE367A10093C6C5 /* Assets.xcassets */,
				8CB5B44F2CE367A10093C6C5 /* Info.plist */,
			);
			path = WordMate;
			sourceTree = "<group>";
		};
		8CB5B4672CE5C82D0093C6C5 /* Application */ = {
			isa = PBXGroup;
			children = (
				8CB5B4412CE3679D0093C6C5 /* AppDelegate.swift */,
				8CB5B4432CE3679D0093C6C5 /* SceneDelegate.swift */,
			);
			path = Application;
			sourceTree = "<group>";
		};
		8CB5B4682CE5C8520093C6C5 /* Presentation */ = {
			isa = PBXGroup;
			children = (
				8C3ED8812D2EA05000800D4E /* Root */,
				8C3ED88E2D2FF65600800D4E /* Authentication */,
				8C3ED8842D2EB19E00800D4E /* Group */,
				8C3ED8852D2EB1AE00800D4E /* Word */,
				8CB5B46B2CE5C8750093C6C5 /* Learning */,
				8C78E6652CF9D3AF00757359 /* Games */,
				8CB5B46D2CE5C8980093C6C5 /* Settings */,
			);
			path = Presentation;
			sourceTree = "<group>";
		};
		8CB5B4692CE5C8620093C6C5 /* GroupList */ = {
			isa = PBXGroup;
			children = (
				8CB5B46A2CE5C86C0093C6C5 /* View */,
				8CB5B4732CE5CAED0093C6C5 /* ViewModel */,
			);
			path = GroupList;
			sourceTree = "<group>";
		};
		8CB5B46A2CE5C86C0093C6C5 /* View */ = {
			isa = PBXGroup;
			children = (
				8CB5B4452CE3679D0093C6C5 /* GroupListViewController.swift */,
				8CB5B4592CE48DB10093C6C5 /* GroupCell.swift */,
			);
			path = View;
			sourceTree = "<group>";
		};
		8CB5B46B2CE5C8750093C6C5 /* Learning */ = {
			isa = PBXGroup;
			children = (
				8CB5B46C2CE5C8900093C6C5 /* View */,
				8C78E65D2CF999B800757359 /* ViewModel */,
			);
			path = Learning;
			sourceTree = "<group>";
		};
		8CB5B46C2CE5C8900093C6C5 /* View */ = {
			isa = PBXGroup;
			children = (
				8CB5B4552CE47A180093C6C5 /* LearningViewController.swift */,
			);
			path = View;
			sourceTree = "<group>";
		};
		8CB5B46D2CE5C8980093C6C5 /* Settings */ = {
			isa = PBXGroup;
			children = (
				8CB5B46E2CE5C8A50093C6C5 /* View */,
			);
			path = Settings;
			sourceTree = "<group>";
		};
		8CB5B46E2CE5C8A50093C6C5 /* View */ = {
			isa = PBXGroup;
			children = (
				8CB5B4572CE47A290093C6C5 /* SettingsViewController.swift */,
			);
			path = View;
			sourceTree = "<group>";
		};
		8CB5B46F2CE5CA620093C6C5 /* WordList */ = {
			isa = PBXGroup;
			children = (
				8CB5B4702CE5CA760093C6C5 /* View */,
				8CB5B47C2CE6106F0093C6C5 /* ViewModel */,
			);
			path = WordList;
			sourceTree = "<group>";
		};
		8CB5B4702CE5CA760093C6C5 /* View */ = {
			isa = PBXGroup;
			children = (
				8CB5B4712CE5CA920093C6C5 /* WordListViewController.swift */,
				8CB5B4762CE5E2600093C6C5 /* WordCell.swift */,
			);
			path = View;
			sourceTree = "<group>";
		};
		8CB5B4732CE5CAED0093C6C5 /* ViewModel */ = {
			isa = PBXGroup;
			children = (
				8CB5B4742CE5CB0B0093C6C5 /* GroupListViewModel.swift */,
			);
			path = ViewModel;
			sourceTree = "<group>";
		};
		8CB5B4782CE5F59E0093C6C5 /* AddWord */ = {
			isa = PBXGroup;
			children = (
				8CB5B4792CE5F5AC0093C6C5 /* View */,
				8CB5B48C2CEDFD100093C6C5 /* ViewModel */,
			);
			path = AddWord;
			sourceTree = "<group>";
		};
		8CB5B4792CE5F5AC0093C6C5 /* View */ = {
			isa = PBXGroup;
			children = (
				8CB5B47A2CE5F5C10093C6C5 /* AddWordViewController.swift */,
			);
			path = View;
			sourceTree = "<group>";
		};
		8CB5B47C2CE6106F0093C6C5 /* ViewModel */ = {
			isa = PBXGroup;
			children = (
				8CB5B47D2CE610910093C6C5 /* WordListViewModel.swift */,
				8C78E64C2CF0A96C00757359 /* WordViewModel.swift */,
			);
			path = ViewModel;
			sourceTree = "<group>";
		};
		8CB5B4812CE716EE0093C6C5 /* AddGroup */ = {
			isa = PBXGroup;
			children = (
				8CB5B4822CE717090093C6C5 /* View */,
				8CB5B4952CEF58C80093C6C5 /* ViewModel */,
			);
			path = AddGroup;
			sourceTree = "<group>";
		};
		8CB5B4822CE717090093C6C5 /* View */ = {
			isa = PBXGroup;
			children = (
				8CB5B4832CE7171B0093C6C5 /* AddGroupViewController.swift */,
			);
			path = View;
			sourceTree = "<group>";
		};
		8CB5B4872CE8E1090093C6C5 /* Data */ = {
			isa = PBXGroup;
			children = (
				8CB5B4882CE8E1E90093C6C5 /* VocabularyWord.swift */,
				8CB5B48A2CE8E2CE0093C6C5 /* VocabularyGroup.swift */,
				8C78E6702CFD7FAF00757359 /* GameSettings.swift */,
				8C78E6952D05D95E00757359 /* MultipleChoiceOption.swift */,
				8C78E6992D06C2CD00757359 /* Question.swift */,
			);
			path = Data;
			sourceTree = "<group>";
		};
		8CB5B48C2CEDFD100093C6C5 /* ViewModel */ = {
			isa = PBXGroup;
			children = (
				8CB5B48D2CEDFD2F0093C6C5 /* AddWordViewModel.swift */,
			);
			path = ViewModel;
			sourceTree = "<group>";
		};
		8CB5B4952CEF58C80093C6C5 /* ViewModel */ = {
			isa = PBXGroup;
			children = (
				8CB5B4962CEF58DD0093C6C5 /* AddGroupViewModel.swift */,
			);
			path = ViewModel;
			sourceTree = "<group>";
		};
/* End PBXGroup section */

/* Begin PBXNativeTarget section */
		8CB5B43D2CE3679D0093C6C5 /* WordMate */ = {
			isa = PBXNativeTarget;
			buildConfigurationList = 8CB5B4522CE367A10093C6C5 /* Build configuration list for PBXNativeTarget "WordMate" */;
			buildPhases = (
				8CB5B43A2CE3679D0093C6C5 /* Sources */,
				8CB5B43B2CE3679D0093C6C5 /* Frameworks */,
				8CB5B43C2CE3679D0093C6C5 /* Resources */,
				8CDF32152CEF680600B9536D /* Embed Frameworks */,
			);
			buildRules = (
			);
			dependencies = (
			);
			name = WordMate;
			packageProductDependencies = (
				8CB5B4602CE4D7850093C6C5 /* Then */,
				8CB5B4632CE4D7CA0093C6C5 /* SnapKit */,
				8CDF32122CEF627200B9536D /* RealmSwift */,
			);
			productName = WordMate;
			productReference = 8C3ED8732D2E3D0B00800D4E /* WordMate.app */;
			productType = "com.apple.product-type.application";
		};
/* End PBXNativeTarget section */

/* Begin PBXProject section */
		8CB5B4362CE3679D0093C6C5 /* Project object */ = {
			isa = PBXProject;
			attributes = {
				BuildIndependentTargetsInParallel = 1;
				LastSwiftUpdateCheck = 1530;
				LastUpgradeCheck = 1530;
				TargetAttributes = {
					8CB5B43D2CE3679D0093C6C5 = {
						CreatedOnToolsVersion = 15.3;
					};
				};
			};
			buildConfigurationList = 8CB5B4392CE3679D0093C6C5 /* Build configuration list for PBXProject "WordMate" */;
			compatibilityVersion = "Xcode 14.0";
			developmentRegion = en;
			hasScannedForEncodings = 0;
			knownRegions = (
				en,
				Base,
			);
			mainGroup = 8CB5B4352CE3679D0093C6C5;
			packageReferences = (
				8CB5B45F2CE4D7850093C6C5 /* XCRemoteSwiftPackageReference "Then" */,
				8CB5B4622CE4D7CA0093C6C5 /* XCRemoteSwiftPackageReference "SnapKit" */,
				8CDF32112CEF627200B9536D /* XCRemoteSwiftPackageReference "realm-swift" */,
			);
			productRefGroup = 8CB5B4352CE3679D0093C6C5;
			projectDirPath = "";
			projectRoot = "";
			targets = (
				8CB5B43D2CE3679D0093C6C5 /* WordMate */,
			);
		};
/* End PBXProject section */

/* Begin PBXResourcesBuildPhase section */
		8CB5B43C2CE3679D0093C6C5 /* Resources */ = {
			isa = PBXResourcesBuildPhase;
			buildActionMask = 2147483647;
			files = (
				8CB5B44B2CE367A10093C6C5 /* Assets.xcassets in Resources */,
			);
			runOnlyForDeploymentPostprocessing = 0;
		};
/* End PBXResourcesBuildPhase section */

/* Begin PBXSourcesBuildPhase section */
		8CB5B43A2CE3679D0093C6C5 /* Sources */ = {
			isa = PBXSourcesBuildPhase;
			buildActionMask = 2147483647;
			files = (
				8C78E67B2CFDFFF100757359 /* GroupSelectionViewModel.swift in Sources */,
				8C78E69A2D06C2CD00757359 /* Question.swift in Sources */,
				8C3ED8832D2EA06200800D4E /* MainTabBarController.swift in Sources */,
				8C78E6B12D0B0C4E00757359 /* DictationViewController.swift in Sources */,
				8C3ED8952D2FF7AA00800D4E /* Utilities.swift in Sources */,
				8C78E6922D0035D000757359 /* QuestionOrderViewController.swift in Sources */,
				8C78E6A72D087ABE00757359 /* ResultCell.swift in Sources */,
				8C57F5932D24FA20005D21F1 /* Constants.swift in Sources */,
				8C78E64D2CF0A96C00757359 /* WordViewModel.swift in Sources */,
				8C6B0B122D113AE10055B181 /* FlashCardViewController.swift in Sources */,
				8CB5B4892CE8E1E90093C6C5 /* VocabularyWord.swift in Sources */,
				8C78E66B2CFB314300757359 /* GameStatusView.swift in Sources */,
				8CB5B47B2CE5F5C10093C6C5 /* AddWordViewController.swift in Sources */,
				8C78E6A52D0864ED00757359 /* GameResultViewModel.swift in Sources */,
				8CB5B4752CE5CB0B0093C6C5 /* GroupListViewModel.swift in Sources */,
				8C78E6642CF99F4300757359 /* GameSettingsPopupViewModel.swift in Sources */,
				8C78E6852CFF49AB00757359 /* QuestionSelectionViewController.swift in Sources */,
				8C78E65C2CF87FDE00757359 /* GameSettingsPopupViewController.swift in Sources */,
				8CB5B4462CE3679D0093C6C5 /* GroupListViewController.swift in Sources */,
				8CB5B4422CE3679D0093C6C5 /* AppDelegate.swift in Sources */,
				8C78E6732CFDFA0800757359 /* GroupSelectionViewController.swift in Sources */,
				8C6B0B162D113BA30055B181 /* FlashCardView.swift in Sources */,
				8C78E6962D05D95E00757359 /* MultipleChoiceOption.swift in Sources */,
				8C57F5912D22DF06005D21F1 /* CustomButton.swift in Sources */,
				8C78E6B52D0B165B00757359 /* DictationViewModel.swift in Sources */,
				8C3ED8932D2FF6D300800D4E /* LoginViewController.swift in Sources */,
				8C78E6902D0035BD00757359 /* QuestionOrderCell.swift in Sources */,
				8CB5B4842CE7171C0093C6C5 /* AddGroupViewController.swift in Sources */,
				8C78E65A2CF851B800757359 /* GameSettingsPopupView.swift in Sources */,
				8C78E6552CF766AA00757359 /* UIImage+Extension.swift in Sources */,
				8C57F5952D26E2ED005D21F1 /* Realm+Extension.swift in Sources */,
				8C78E6822CFF37A900757359 /* QuestionCountViewModel.swift in Sources */,
				8C78E6892CFF57A700757359 /* QuestionSelectionCell.swift in Sources */,
				8CB5B4772CE5E2600093C6C5 /* WordCell.swift in Sources */,
				8CB5B4582CE47A290093C6C5 /* SettingsViewController.swift in Sources */,
				8CB5B4722CE5CA920093C6C5 /* WordListViewController.swift in Sources */,
				8C6B0B142D113AED0055B181 /* FlashCardViewModel.swift in Sources */,
				8C78E6A12D06C46100757359 /* GameResultViewController.swift in Sources */,
				8C78E6942D0038F600757359 /* QuestionOrderViewModel.swift in Sources */,
				8C3ED89B2D3008C300800D4E /* RegistrationViewController.swift in Sources */,
				8CB5B4942CEF54BB0093C6C5 /* RealmManager.swift in Sources */,
				8CB5B45A2CE48DB10093C6C5 /* GroupCell.swift in Sources */,
				8C78E6752CFDFC4E00757359 /* GroupSelectionCell.swift in Sources */,
				8C6B0B0D2D1006860055B181 /* RepeatViewModel.swift in Sources */,
				8C78E6AB2D087F3000757359 /* ResultViewModel.swift in Sources */,
				8C78E67E2CFF0B4F00757359 /* QuestionCountViewController.swift in Sources */,
				8C6B0B062D0C62640055B181 /* UITextField+Extension.swift in Sources */,
				8C57F5882D1A8537005D21F1 /* SettingButton.swift in Sources */,
				8CB5B4562CE47A180093C6C5 /* LearningViewController.swift in Sources */,
				8CB5B4972CEF58DD0093C6C5 /* AddGroupViewModel.swift in Sources */,
				8CB5B4442CE3679D0093C6C5 /* SceneDelegate.swift in Sources */,
				8C78E6B32D0B0F7B00757359 /* WordLabelView.swift in Sources */,
				8C78E6712CFD7FAF00757359 /* GameSettings.swift in Sources */,
				8C78E6682CF9D43800757359 /* MultipleChoiceViewController.swift in Sources */,
				8CB5B48B2CE8E2CE0093C6C5 /* VocabularyGroup.swift in Sources */,
				8C78E68B2D0016C000757359 /* QuestionSelectionViewModel.swift in Sources */,
				8C78E66F2CFD78B700757359 /* MultipleChoiceViewModel.swift in Sources */,
				8C6B0B0B2D1002C50055B181 /* RepeatViewController.swift in Sources */,
				8C78E6522CF58E7100757359 /* SpeechService.swift in Sources */,
				8CB5B47E2CE610910093C6C5 /* WordListViewModel.swift in Sources */,
				8CB5B48E2CEDFD2F0093C6C5 /* AddWordViewModel.swift in Sources */,
				8C78E65F2CF999E000757359 /* LearningViewModel.swift in Sources */,
				8C78E6A32D0739AA00757359 /* CircularProgress.swift in Sources */,
			);
			runOnlyForDeploymentPostprocessing = 0;
		};
/* End PBXSourcesBuildPhase section */

/* Begin XCBuildConfiguration section */
		8CB5B4502CE367A10093C6C5 /* Debug */ = {
			isa = XCBuildConfiguration;
			buildSettings = {
				ALWAYS_SEARCH_USER_PATHS = NO;
				ASSETCATALOG_COMPILER_GENERATE_SWIFT_ASSET_SYMBOL_EXTENSIONS = YES;
				CLANG_ANALYZER_NONNULL = YES;
				CLANG_ANALYZER_NUMBER_OBJECT_CONVERSION = YES_AGGRESSIVE;
				CLANG_CXX_LANGUAGE_STANDARD = "gnu++20";
				CLANG_ENABLE_MODULES = YES;
				CLANG_ENABLE_OBJC_ARC = YES;
				CLANG_ENABLE_OBJC_WEAK = YES;
				CLANG_WARN_BLOCK_CAPTURE_AUTORELEASING = YES;
				CLANG_WARN_BOOL_CONVERSION = YES;
				CLANG_WARN_COMMA = YES;
				CLANG_WARN_CONSTANT_CONVERSION = YES;
				CLANG_WARN_DEPRECATED_OBJC_IMPLEMENTATIONS = YES;
				CLANG_WARN_DIRECT_OBJC_ISA_USAGE = YES_ERROR;
				CLANG_WARN_DOCUMENTATION_COMMENTS = YES;
				CLANG_WARN_EMPTY_BODY = YES;
				CLANG_WARN_ENUM_CONVERSION = YES;
				CLANG_WARN_INFINITE_RECURSION = YES;
				CLANG_WARN_INT_CONVERSION = YES;
				CLANG_WARN_NON_LITERAL_NULL_CONVERSION = YES;
				CLANG_WARN_OBJC_IMPLICIT_RETAIN_SELF = YES;
				CLANG_WARN_OBJC_LITERAL_CONVERSION = YES;
				CLANG_WARN_OBJC_ROOT_CLASS = YES_ERROR;
				CLANG_WARN_QUOTED_INCLUDE_IN_FRAMEWORK_HEADER = YES;
				CLANG_WARN_RANGE_LOOP_ANALYSIS = YES;
				CLANG_WARN_STRICT_PROTOTYPES = YES;
				CLANG_WARN_SUSPICIOUS_MOVE = YES;
				CLANG_WARN_UNGUARDED_AVAILABILITY = YES_AGGRESSIVE;
				CLANG_WARN_UNREACHABLE_CODE = YES;
				CLANG_WARN__DUPLICATE_METHOD_MATCH = YES;
				COPY_PHASE_STRIP = NO;
				DEBUG_INFORMATION_FORMAT = dwarf;
				ENABLE_STRICT_OBJC_MSGSEND = YES;
				ENABLE_TESTABILITY = YES;
				ENABLE_USER_SCRIPT_SANDBOXING = YES;
				GCC_C_LANGUAGE_STANDARD = gnu17;
				GCC_DYNAMIC_NO_PIC = NO;
				GCC_NO_COMMON_BLOCKS = YES;
				GCC_OPTIMIZATION_LEVEL = 0;
				GCC_PREPROCESSOR_DEFINITIONS = (
					"DEBUG=1",
					"$(inherited)",
				);
				GCC_WARN_64_TO_32_BIT_CONVERSION = YES;
				GCC_WARN_ABOUT_RETURN_TYPE = YES_ERROR;
				GCC_WARN_UNDECLARED_SELECTOR = YES;
				GCC_WARN_UNINITIALIZED_AUTOS = YES_AGGRESSIVE;
				GCC_WARN_UNUSED_FUNCTION = YES;
				GCC_WARN_UNUSED_VARIABLE = YES;
				IPHONEOS_DEPLOYMENT_TARGET = 17.4;
				LOCALIZATION_PREFERS_STRING_CATALOGS = YES;
				MTL_ENABLE_DEBUG_INFO = INCLUDE_SOURCE;
				MTL_FAST_MATH = YES;
				ONLY_ACTIVE_ARCH = YES;
				SDKROOT = iphoneos;
				SWIFT_ACTIVE_COMPILATION_CONDITIONS = "DEBUG $(inherited)";
				SWIFT_OPTIMIZATION_LEVEL = "-Onone";
			};
			name = Debug;
		};
		8CB5B4512CE367A10093C6C5 /* Release */ = {
			isa = XCBuildConfiguration;
			buildSettings = {
				ALWAYS_SEARCH_USER_PATHS = NO;
				ASSETCATALOG_COMPILER_GENERATE_SWIFT_ASSET_SYMBOL_EXTENSIONS = YES;
				CLANG_ANALYZER_NONNULL = YES;
				CLANG_ANALYZER_NUMBER_OBJECT_CONVERSION = YES_AGGRESSIVE;
				CLANG_CXX_LANGUAGE_STANDARD = "gnu++20";
				CLANG_ENABLE_MODULES = YES;
				CLANG_ENABLE_OBJC_ARC = YES;
				CLANG_ENABLE_OBJC_WEAK = YES;
				CLANG_WARN_BLOCK_CAPTURE_AUTORELEASING = YES;
				CLANG_WARN_BOOL_CONVERSION = YES;
				CLANG_WARN_COMMA = YES;
				CLANG_WARN_CONSTANT_CONVERSION = YES;
				CLANG_WARN_DEPRECATED_OBJC_IMPLEMENTATIONS = YES;
				CLANG_WARN_DIRECT_OBJC_ISA_USAGE = YES_ERROR;
				CLANG_WARN_DOCUMENTATION_COMMENTS = YES;
				CLANG_WARN_EMPTY_BODY = YES;
				CLANG_WARN_ENUM_CONVERSION = YES;
				CLANG_WARN_INFINITE_RECURSION = YES;
				CLANG_WARN_INT_CONVERSION = YES;
				CLANG_WARN_NON_LITERAL_NULL_CONVERSION = YES;
				CLANG_WARN_OBJC_IMPLICIT_RETAIN_SELF = YES;
				CLANG_WARN_OBJC_LITERAL_CONVERSION = YES;
				CLANG_WARN_OBJC_ROOT_CLASS = YES_ERROR;
				CLANG_WARN_QUOTED_INCLUDE_IN_FRAMEWORK_HEADER = YES;
				CLANG_WARN_RANGE_LOOP_ANALYSIS = YES;
				CLANG_WARN_STRICT_PROTOTYPES = YES;
				CLANG_WARN_SUSPICIOUS_MOVE = YES;
				CLANG_WARN_UNGUARDED_AVAILABILITY = YES_AGGRESSIVE;
				CLANG_WARN_UNREACHABLE_CODE = YES;
				CLANG_WARN__DUPLICATE_METHOD_MATCH = YES;
				COPY_PHASE_STRIP = NO;
				DEBUG_INFORMATION_FORMAT = "dwarf-with-dsym";
				ENABLE_NS_ASSERTIONS = NO;
				ENABLE_STRICT_OBJC_MSGSEND = YES;
				ENABLE_USER_SCRIPT_SANDBOXING = YES;
				GCC_C_LANGUAGE_STANDARD = gnu17;
				GCC_NO_COMMON_BLOCKS = YES;
				GCC_WARN_64_TO_32_BIT_CONVERSION = YES;
				GCC_WARN_ABOUT_RETURN_TYPE = YES_ERROR;
				GCC_WARN_UNDECLARED_SELECTOR = YES;
				GCC_WARN_UNINITIALIZED_AUTOS = YES_AGGRESSIVE;
				GCC_WARN_UNUSED_FUNCTION = YES;
				GCC_WARN_UNUSED_VARIABLE = YES;
				IPHONEOS_DEPLOYMENT_TARGET = 17.4;
				LOCALIZATION_PREFERS_STRING_CATALOGS = YES;
				MTL_ENABLE_DEBUG_INFO = NO;
				MTL_FAST_MATH = YES;
				SDKROOT = iphoneos;
				SWIFT_COMPILATION_MODE = wholemodule;
				VALIDATE_PRODUCT = YES;
			};
			name = Release;
		};
		8CB5B4532CE367A10093C6C5 /* Debug */ = {
			isa = XCBuildConfiguration;
			buildSettings = {
				ASSETCATALOG_COMPILER_APPICON_NAME = AppIcon;
				ASSETCATALOG_COMPILER_GLOBAL_ACCENT_COLOR_NAME = AccentColor;
				CODE_SIGN_STYLE = Automatic;
				CURRENT_PROJECT_VERSION = 1;
				DEVELOPMENT_TEAM = AH24YSXN5M;
				GENERATE_INFOPLIST_FILE = YES;
				INFOPLIST_FILE = WordMate/Info.plist;
				INFOPLIST_KEY_UIApplicationSupportsIndirectInputEvents = YES;
				INFOPLIST_KEY_UILaunchStoryboardName = LaunchScreen;
				INFOPLIST_KEY_UISupportedInterfaceOrientations = UIInterfaceOrientationPortrait;
				IPHONEOS_DEPLOYMENT_TARGET = 16.0;
				LD_RUNPATH_SEARCH_PATHS = (
					"$(inherited)",
					"@executable_path/Frameworks",
				);
				MARKETING_VERSION = 1.0;
				PRODUCT_BUNDLE_IDENTIFIER = com.aurora.WordMate;
				PRODUCT_NAME = "$(TARGET_NAME)";
				SUPPORTED_PLATFORMS = "iphoneos iphonesimulator";
				SUPPORTS_MACCATALYST = NO;
				SUPPORTS_MAC_DESIGNED_FOR_IPHONE_IPAD = NO;
				SUPPORTS_XR_DESIGNED_FOR_IPHONE_IPAD = NO;
				SWIFT_EMIT_LOC_STRINGS = YES;
				SWIFT_VERSION = 5.0;
				TARGETED_DEVICE_FAMILY = 1;
			};
			name = Debug;
		};
		8CB5B4542CE367A10093C6C5 /* Release */ = {
			isa = XCBuildConfiguration;
			buildSettings = {
				ASSETCATALOG_COMPILER_APPICON_NAME = AppIcon;
				ASSETCATALOG_COMPILER_GLOBAL_ACCENT_COLOR_NAME = AccentColor;
				CODE_SIGN_STYLE = Automatic;
				CURRENT_PROJECT_VERSION = 1;
				DEVELOPMENT_TEAM = AH24YSXN5M;
				GENERATE_INFOPLIST_FILE = YES;
				INFOPLIST_FILE = WordMate/Info.plist;
				INFOPLIST_KEY_UIApplicationSupportsIndirectInputEvents = YES;
				INFOPLIST_KEY_UILaunchStoryboardName = LaunchScreen;
				INFOPLIST_KEY_UISupportedInterfaceOrientations = UIInterfaceOrientationPortrait;
				IPHONEOS_DEPLOYMENT_TARGET = 16.0;
				LD_RUNPATH_SEARCH_PATHS = (
					"$(inherited)",
					"@executable_path/Frameworks",
				);
				MARKETING_VERSION = 1.0;
				PRODUCT_BUNDLE_IDENTIFIER = com.aurora.WordMate;
				PRODUCT_NAME = "$(TARGET_NAME)";
				SUPPORTED_PLATFORMS = "iphoneos iphonesimulator";
				SUPPORTS_MACCATALYST = NO;
				SUPPORTS_MAC_DESIGNED_FOR_IPHONE_IPAD = NO;
				SUPPORTS_XR_DESIGNED_FOR_IPHONE_IPAD = NO;
				SWIFT_EMIT_LOC_STRINGS = YES;
				SWIFT_VERSION = 5.0;
				TARGETED_DEVICE_FAMILY = 1;
			};
			name = Release;
		};
/* End XCBuildConfiguration section */

/* Begin XCConfigurationList section */
		8CB5B4392CE3679D0093C6C5 /* Build configuration list for PBXProject "WordMate" */ = {
			isa = XCConfigurationList;
			buildConfigurations = (
				8CB5B4502CE367A10093C6C5 /* Debug */,
				8CB5B4512CE367A10093C6C5 /* Release */,
			);
			defaultConfigurationIsVisible = 0;
			defaultConfigurationName = Release;
		};
		8CB5B4522CE367A10093C6C5 /* Build configuration list for PBXNativeTarget "WordMate" */ = {
			isa = XCConfigurationList;
			buildConfigurations = (
				8CB5B4532CE367A10093C6C5 /* Debug */,
				8CB5B4542CE367A10093C6C5 /* Release */,
			);
			defaultConfigurationIsVisible = 0;
			defaultConfigurationName = Release;
		};
/* End XCConfigurationList section */

/* Begin XCRemoteSwiftPackageReference section */
		8CB5B45F2CE4D7850093C6C5 /* XCRemoteSwiftPackageReference "Then" */ = {
			isa = XCRemoteSwiftPackageReference;
			repositoryURL = "https://github.com/devxoul/Then";
			requirement = {
				kind = upToNextMajorVersion;
				minimumVersion = 3.0.0;
			};
		};
		8CB5B4622CE4D7CA0093C6C5 /* XCRemoteSwiftPackageReference "SnapKit" */ = {
			isa = XCRemoteSwiftPackageReference;
			repositoryURL = "https://github.com/SnapKit/SnapKit";
			requirement = {
				kind = upToNextMajorVersion;
				minimumVersion = 5.0.1;
			};
		};
		8CDF32112CEF627200B9536D /* XCRemoteSwiftPackageReference "realm-swift" */ = {
			isa = XCRemoteSwiftPackageReference;
			repositoryURL = "https://github.com/realm/realm-swift.git";
			requirement = {
				kind = upToNextMajorVersion;
				minimumVersion = 10.49.0;
			};
		};
/* End XCRemoteSwiftPackageReference section */

/* Begin XCSwiftPackageProductDependency section */
		8CB5B4602CE4D7850093C6C5 /* Then */ = {
			isa = XCSwiftPackageProductDependency;
			package = 8CB5B45F2CE4D7850093C6C5 /* XCRemoteSwiftPackageReference "Then" */;
			productName = Then;
		};
		8CB5B4632CE4D7CA0093C6C5 /* SnapKit */ = {
			isa = XCSwiftPackageProductDependency;
			package = 8CB5B4622CE4D7CA0093C6C5 /* XCRemoteSwiftPackageReference "SnapKit" */;
			productName = SnapKit;
		};
		8CDF32122CEF627200B9536D /* RealmSwift */ = {
			isa = XCSwiftPackageProductDependency;
			package = 8CDF32112CEF627200B9536D /* XCRemoteSwiftPackageReference "realm-swift" */;
			productName = RealmSwift;
		};
/* End XCSwiftPackageProductDependency section */
	};
	rootObject = 8CB5B4362CE3679D0093C6C5 /* Project object */;
}
